// !$*UTF8*$!
{
	archiveVersion = 1;
	classes = {
	};
	objectVersion = 48;
	objects = {

/* Begin PBXBuildFile section */
		13E9841BF92828B49123C303 /* Pods_TodoExamTests.framework in Frameworks */ = {isa = PBXBuildFile; fileRef = 4FE90B77050DDB1A7870F8D4 /* Pods_TodoExamTests.framework */; };
		925AF7651FC16CC100446595 /* AppDelegate.swift in Sources */ = {isa = PBXBuildFile; fileRef = 925AF7641FC16CC100446595 /* AppDelegate.swift */; };
		925AF7671FC16CC100446595 /* TodoListViewController.swift in Sources */ = {isa = PBXBuildFile; fileRef = 925AF7661FC16CC100446595 /* TodoListViewController.swift */; };
		925AF76A1FC16CC100446595 /* Main.storyboard in Resources */ = {isa = PBXBuildFile; fileRef = 925AF7681FC16CC100446595 /* Main.storyboard */; };
		925AF76C1FC16CC100446595 /* Assets.xcassets in Resources */ = {isa = PBXBuildFile; fileRef = 925AF76B1FC16CC100446595 /* Assets.xcassets */; };
		925AF76F1FC16CC100446595 /* LaunchScreen.storyboard in Resources */ = {isa = PBXBuildFile; fileRef = 925AF76D1FC16CC100446595 /* LaunchScreen.storyboard */; };
		925AF77A1FC16CC100446595 /* TodoExamTests.swift in Sources */ = {isa = PBXBuildFile; fileRef = 925AF7791FC16CC100446595 /* TodoExamTests.swift */; };
		925AF7851FC16CC100446595 /* TodoExamUITests.swift in Sources */ = {isa = PBXBuildFile; fileRef = 925AF7841FC16CC100446595 /* TodoExamUITests.swift */; };
		92DFBDE01FC19C1000ACF4E5 /* TodoModel.swift in Sources */ = {isa = PBXBuildFile; fileRef = 92DFBDDF1FC19C1000ACF4E5 /* TodoModel.swift */; };
		92DFBDE31FC19D7800ACF4E5 /* APIService.swift in Sources */ = {isa = PBXBuildFile; fileRef = 92DFBDE21FC19D7800ACF4E5 /* APIService.swift */; };
		92DFBDE61FC2E8AC00ACF4E5 /* TodoItemViewController.swift in Sources */ = {isa = PBXBuildFile; fileRef = 92DFBDE51FC2E8AC00ACF4E5 /* TodoItemViewController.swift */; };
		92DFBDE91FC2F0E500ACF4E5 /* TodoListItemCell.swift in Sources */ = {isa = PBXBuildFile; fileRef = 92DFBDE81FC2F0E500ACF4E5 /* TodoListItemCell.swift */; };
		92F5F47E1FC807C800BE37D6 /* SwinjectStoryboardExtension.swift in Sources */ = {isa = PBXBuildFile; fileRef = 92F5F47D1FC807C800BE37D6 /* SwinjectStoryboardExtension.swift */; };
		92FBA6881FCABB7300F8404F /* APIService.swift in Sources */ = {isa = PBXBuildFile; fileRef = 92DFBDE21FC19D7800ACF4E5 /* APIService.swift */; };
		92FBA6891FCABB9200F8404F /* TodoModel.swift in Sources */ = {isa = PBXBuildFile; fileRef = 92DFBDDF1FC19C1000ACF4E5 /* TodoModel.swift */; };
		92FBA68A1FCAD99700F8404F /* TodoItemViewController.swift in Sources */ = {isa = PBXBuildFile; fileRef = 92DFBDE51FC2E8AC00ACF4E5 /* TodoItemViewController.swift */; };
		CBA01DD7102FCEA4D40B6AB8 /* Pods_TodoExamUITests.framework in Frameworks */ = {isa = PBXBuildFile; fileRef = EE14856CD5E415530B107B10 /* Pods_TodoExamUITests.framework */; };
		EA24DE6A6F044A0A81C13FB7 /* Pods_TodoExam.framework in Frameworks */ = {isa = PBXBuildFile; fileRef = C8E830BB3DAF1A30AA99AD40 /* Pods_TodoExam.framework */; };
/* End PBXBuildFile section */

/* Begin PBXContainerItemProxy section */
		925AF7761FC16CC100446595 /* PBXContainerItemProxy */ = {
			isa = PBXContainerItemProxy;
			containerPortal = 925AF7591FC16CC100446595 /* Project object */;
			proxyType = 1;
			remoteGlobalIDString = 925AF7601FC16CC100446595;
			remoteInfo = TodoExam;
		};
		925AF7811FC16CC100446595 /* PBXContainerItemProxy */ = {
			isa = PBXContainerItemProxy;
			containerPortal = 925AF7591FC16CC100446595 /* Project object */;
			proxyType = 1;
			remoteGlobalIDString = 925AF7601FC16CC100446595;
			remoteInfo = TodoExam;
		};
/* End PBXContainerItemProxy section */

/* Begin PBXFileReference section */
		2A256E87081CC25E1E90B030 /* Pods-TodoExamUITests.debug.xcconfig */ = {isa = PBXFileReference; includeInIndex = 1; lastKnownFileType = text.xcconfig; name = "Pods-TodoExamUITests.debug.xcconfig"; path = "Pods/Target Support Files/Pods-TodoExamUITests/Pods-TodoExamUITests.debug.xcconfig"; sourceTree = "<group>"; };
		35348DF108AF907E4C7DFC8D /* Pods-TodoExam.release.xcconfig */ = {isa = PBXFileReference; includeInIndex = 1; lastKnownFileType = text.xcconfig; name = "Pods-TodoExam.release.xcconfig"; path = "Pods/Target Support Files/Pods-TodoExam/Pods-TodoExam.release.xcconfig"; sourceTree = "<group>"; };
		3C7F938BA212DCB1FE4B7B2E /* Pods-TodoExamUITests.release.xcconfig */ = {isa = PBXFileReference; includeInIndex = 1; lastKnownFileType = text.xcconfig; name = "Pods-TodoExamUITests.release.xcconfig"; path = "Pods/Target Support Files/Pods-TodoExamUITests/Pods-TodoExamUITests.release.xcconfig"; sourceTree = "<group>"; };
		3E8E0444BB3008578F44ECD5 /* Pods-TodoExam.debug.xcconfig */ = {isa = PBXFileReference; includeInIndex = 1; lastKnownFileType = text.xcconfig; name = "Pods-TodoExam.debug.xcconfig"; path = "Pods/Target Support Files/Pods-TodoExam/Pods-TodoExam.debug.xcconfig"; sourceTree = "<group>"; };
		4FE90B77050DDB1A7870F8D4 /* Pods_TodoExamTests.framework */ = {isa = PBXFileReference; explicitFileType = wrapper.framework; includeInIndex = 0; path = Pods_TodoExamTests.framework; sourceTree = BUILT_PRODUCTS_DIR; };
		925AF7611FC16CC100446595 /* TodoExam.app */ = {isa = PBXFileReference; explicitFileType = wrapper.application; includeInIndex = 0; path = TodoExam.app; sourceTree = BUILT_PRODUCTS_DIR; };
		925AF7641FC16CC100446595 /* AppDelegate.swift */ = {isa = PBXFileReference; lastKnownFileType = sourcecode.swift; path = AppDelegate.swift; sourceTree = "<group>"; };
		925AF7661FC16CC100446595 /* TodoListViewController.swift */ = {isa = PBXFileReference; lastKnownFileType = sourcecode.swift; path = TodoListViewController.swift; sourceTree = "<group>"; };
		925AF7691FC16CC100446595 /* Base */ = {isa = PBXFileReference; lastKnownFileType = file.storyboard; name = Base; path = Base.lproj/Main.storyboard; sourceTree = "<group>"; };
		925AF76B1FC16CC100446595 /* Assets.xcassets */ = {isa = PBXFileReference; lastKnownFileType = folder.assetcatalog; path = Assets.xcassets; sourceTree = "<group>"; };
		925AF76E1FC16CC100446595 /* Base */ = {isa = PBXFileReference; lastKnownFileType = file.storyboard; name = Base; path = Base.lproj/LaunchScreen.storyboard; sourceTree = "<group>"; };
		925AF7701FC16CC100446595 /* Info.plist */ = {isa = PBXFileReference; lastKnownFileType = text.plist.xml; path = Info.plist; sourceTree = "<group>"; };
		925AF7751FC16CC100446595 /* TodoExamTests.xctest */ = {isa = PBXFileReference; explicitFileType = wrapper.cfbundle; includeInIndex = 0; path = TodoExamTests.xctest; sourceTree = BUILT_PRODUCTS_DIR; };
		925AF7791FC16CC100446595 /* TodoExamTests.swift */ = {isa = PBXFileReference; lastKnownFileType = sourcecode.swift; path = TodoExamTests.swift; sourceTree = "<group>"; };
		925AF77B1FC16CC100446595 /* Info.plist */ = {isa = PBXFileReference; lastKnownFileType = text.plist.xml; path = Info.plist; sourceTree = "<group>"; };
		925AF7801FC16CC100446595 /* TodoExamUITests.xctest */ = {isa = PBXFileReference; explicitFileType = wrapper.cfbundle; includeInIndex = 0; path = TodoExamUITests.xctest; sourceTree = BUILT_PRODUCTS_DIR; };
		925AF7841FC16CC100446595 /* TodoExamUITests.swift */ = {isa = PBXFileReference; lastKnownFileType = sourcecode.swift; path = TodoExamUITests.swift; sourceTree = "<group>"; };
		925AF7861FC16CC100446595 /* Info.plist */ = {isa = PBXFileReference; lastKnownFileType = text.plist.xml; path = Info.plist; sourceTree = "<group>"; };
		92DFBDDF1FC19C1000ACF4E5 /* TodoModel.swift */ = {isa = PBXFileReference; lastKnownFileType = sourcecode.swift; path = TodoModel.swift; sourceTree = "<group>"; };
		92DFBDE21FC19D7800ACF4E5 /* APIService.swift */ = {isa = PBXFileReference; lastKnownFileType = sourcecode.swift; path = APIService.swift; sourceTree = "<group>"; };
		92DFBDE51FC2E8AC00ACF4E5 /* TodoItemViewController.swift */ = {isa = PBXFileReference; lastKnownFileType = sourcecode.swift; path = TodoItemViewController.swift; sourceTree = "<group>"; };
		92DFBDE81FC2F0E500ACF4E5 /* TodoListItemCell.swift */ = {isa = PBXFileReference; lastKnownFileType = sourcecode.swift; path = TodoListItemCell.swift; sourceTree = "<group>"; };
		92F5F47D1FC807C800BE37D6 /* SwinjectStoryboardExtension.swift */ = {isa = PBXFileReference; lastKnownFileType = sourcecode.swift; path = SwinjectStoryboardExtension.swift; sourceTree = "<group>"; };
		9FD5FECFB24EF9164FDED76A /* Pods-TodoExamTests.release.xcconfig */ = {isa = PBXFileReference; includeInIndex = 1; lastKnownFileType = text.xcconfig; name = "Pods-TodoExamTests.release.xcconfig"; path = "Pods/Target Support Files/Pods-TodoExamTests/Pods-TodoExamTests.release.xcconfig"; sourceTree = "<group>"; };
		C15B0C26D3B406C86FACA20F /* Pods-TodoExamTests.debug.xcconfig */ = {isa = PBXFileReference; includeInIndex = 1; lastKnownFileType = text.xcconfig; name = "Pods-TodoExamTests.debug.xcconfig"; path = "Pods/Target Support Files/Pods-TodoExamTests/Pods-TodoExamTests.debug.xcconfig"; sourceTree = "<group>"; };
		C8E830BB3DAF1A30AA99AD40 /* Pods_TodoExam.framework */ = {isa = PBXFileReference; explicitFileType = wrapper.framework; includeInIndex = 0; path = Pods_TodoExam.framework; sourceTree = BUILT_PRODUCTS_DIR; };
		EE14856CD5E415530B107B10 /* Pods_TodoExamUITests.framework */ = {isa = PBXFileReference; explicitFileType = wrapper.framework; includeInIndex = 0; path = Pods_TodoExamUITests.framework; sourceTree = BUILT_PRODUCTS_DIR; };
/* End PBXFileReference section */

/* Begin PBXFrameworksBuildPhase section */
		925AF75E1FC16CC100446595 /* Frameworks */ = {
			isa = PBXFrameworksBuildPhase;
			buildActionMask = 2147483647;
			files = (
				EA24DE6A6F044A0A81C13FB7 /* Pods_TodoExam.framework in Frameworks */,
			);
			runOnlyForDeploymentPostprocessing = 0;
		};
		925AF7721FC16CC100446595 /* Frameworks */ = {
			isa = PBXFrameworksBuildPhase;
			buildActionMask = 2147483647;
			files = (
				13E9841BF92828B49123C303 /* Pods_TodoExamTests.framework in Frameworks */,
			);
			runOnlyForDeploymentPostprocessing = 0;
		};
		925AF77D1FC16CC100446595 /* Frameworks */ = {
			isa = PBXFrameworksBuildPhase;
			buildActionMask = 2147483647;
			files = (
				CBA01DD7102FCEA4D40B6AB8 /* Pods_TodoExamUITests.framework in Frameworks */,
			);
			runOnlyForDeploymentPostprocessing = 0;
		};
/* End PBXFrameworksBuildPhase section */

/* Begin PBXGroup section */
		1E790C3AE005447C6D2E904F /* Frameworks */ = {
			isa = PBXGroup;
			children = (
				C8E830BB3DAF1A30AA99AD40 /* Pods_TodoExam.framework */,
				4FE90B77050DDB1A7870F8D4 /* Pods_TodoExamTests.framework */,
				EE14856CD5E415530B107B10 /* Pods_TodoExamUITests.framework */,
			);
			name = Frameworks;
			sourceTree = "<group>";
		};
		925AF7581FC16CC100446595 = {
			isa = PBXGroup;
			children = (
				925AF7631FC16CC100446595 /* TodoExam */,
				925AF7781FC16CC100446595 /* TodoExamTests */,
				925AF7831FC16CC100446595 /* TodoExamUITests */,
				925AF7621FC16CC100446595 /* Products */,
				AC81D2851DF3F46768767A0B /* Pods */,
				1E790C3AE005447C6D2E904F /* Frameworks */,
			);
			sourceTree = "<group>";
		};
		925AF7621FC16CC100446595 /* Products */ = {
			isa = PBXGroup;
			children = (
				925AF7611FC16CC100446595 /* TodoExam.app */,
				925AF7751FC16CC100446595 /* TodoExamTests.xctest */,
				925AF7801FC16CC100446595 /* TodoExamUITests.xctest */,
			);
			name = Products;
			sourceTree = "<group>";
		};
		925AF7631FC16CC100446595 /* TodoExam */ = {
			isa = PBXGroup;
			children = (
				92F5F47C1FC8079F00BE37D6 /* Extension */,
				92DFBDE71FC2F0C800ACF4E5 /* UIParts */,
				92DFBDE41FC2E83C00ACF4E5 /* ViewController */,
				92DFBDE11FC19D6A00ACF4E5 /* Service */,
				92DFBDDE1FC19BF200ACF4E5 /* Model */,
				925AF7641FC16CC100446595 /* AppDelegate.swift */,
				925AF7681FC16CC100446595 /* Main.storyboard */,
				925AF76B1FC16CC100446595 /* Assets.xcassets */,
				925AF76D1FC16CC100446595 /* LaunchScreen.storyboard */,
				925AF7701FC16CC100446595 /* Info.plist */,
			);
			path = TodoExam;
			sourceTree = "<group>";
		};
		925AF7781FC16CC100446595 /* TodoExamTests */ = {
			isa = PBXGroup;
			children = (
				925AF7791FC16CC100446595 /* TodoExamTests.swift */,
				925AF77B1FC16CC100446595 /* Info.plist */,
			);
			path = TodoExamTests;
			sourceTree = "<group>";
		};
		925AF7831FC16CC100446595 /* TodoExamUITests */ = {
			isa = PBXGroup;
			children = (
				925AF7841FC16CC100446595 /* TodoExamUITests.swift */,
				925AF7861FC16CC100446595 /* Info.plist */,
			);
			path = TodoExamUITests;
			sourceTree = "<group>";
		};
		92DFBDDE1FC19BF200ACF4E5 /* Model */ = {
			isa = PBXGroup;
			children = (
				92DFBDDF1FC19C1000ACF4E5 /* TodoModel.swift */,
			);
			path = Model;
			sourceTree = "<group>";
		};
		92DFBDE11FC19D6A00ACF4E5 /* Service */ = {
			isa = PBXGroup;
			children = (
				92DFBDE21FC19D7800ACF4E5 /* APIService.swift */,
			);
			path = Service;
			sourceTree = "<group>";
		};
		92DFBDE41FC2E83C00ACF4E5 /* ViewController */ = {
			isa = PBXGroup;
			children = (
				925AF7661FC16CC100446595 /* TodoListViewController.swift */,
				92DFBDE51FC2E8AC00ACF4E5 /* TodoItemViewController.swift */,
			);
			path = ViewController;
			sourceTree = "<group>";
		};
		92DFBDE71FC2F0C800ACF4E5 /* UIParts */ = {
			isa = PBXGroup;
			children = (
				92DFBDE81FC2F0E500ACF4E5 /* TodoListItemCell.swift */,
			);
			path = UIParts;
			sourceTree = "<group>";
		};
		92F5F47C1FC8079F00BE37D6 /* Extension */ = {
			isa = PBXGroup;
			children = (
				92F5F47D1FC807C800BE37D6 /* SwinjectStoryboardExtension.swift */,
			);
			path = Extension;
			sourceTree = "<group>";
		};
		AC81D2851DF3F46768767A0B /* Pods */ = {
			isa = PBXGroup;
			children = (
				3E8E0444BB3008578F44ECD5 /* Pods-TodoExam.debug.xcconfig */,
				35348DF108AF907E4C7DFC8D /* Pods-TodoExam.release.xcconfig */,
				C15B0C26D3B406C86FACA20F /* Pods-TodoExamTests.debug.xcconfig */,
				9FD5FECFB24EF9164FDED76A /* Pods-TodoExamTests.release.xcconfig */,
				2A256E87081CC25E1E90B030 /* Pods-TodoExamUITests.debug.xcconfig */,
				3C7F938BA212DCB1FE4B7B2E /* Pods-TodoExamUITests.release.xcconfig */,
			);
			name = Pods;
			sourceTree = "<group>";
		};
/* End PBXGroup section */

/* Begin PBXNativeTarget section */
		925AF7601FC16CC100446595 /* TodoExam */ = {
			isa = PBXNativeTarget;
			buildConfigurationList = 925AF7891FC16CC100446595 /* Build configuration list for PBXNativeTarget "TodoExam" */;
			buildPhases = (
				1A67AB59E05571DBE50539A3 /* [CP] Check Pods Manifest.lock */,
				925AF75D1FC16CC100446595 /* Sources */,
				925AF75E1FC16CC100446595 /* Frameworks */,
				925AF75F1FC16CC100446595 /* Resources */,
				F1DCCD6DA5E06C09358AC259 /* [CP] Embed Pods Frameworks */,
				5F4F7A4511ECA12FA1F120FC /* [CP] Copy Pods Resources */,
			);
			buildRules = (
			);
			dependencies = (
			);
			name = TodoExam;
			productName = TodoExam;
			productReference = 925AF7611FC16CC100446595 /* TodoExam.app */;
			productType = "com.apple.product-type.application";
		};
		925AF7741FC16CC100446595 /* TodoExamTests */ = {
			isa = PBXNativeTarget;
			buildConfigurationList = 925AF78C1FC16CC100446595 /* Build configuration list for PBXNativeTarget "TodoExamTests" */;
			buildPhases = (
				83742F163C69092BF6532C9A /* [CP] Check Pods Manifest.lock */,
				925AF7711FC16CC100446595 /* Sources */,
				925AF7721FC16CC100446595 /* Frameworks */,
				925AF7731FC16CC100446595 /* Resources */,
				A3106E73F3F5D2F67B616C95 /* [CP] Embed Pods Frameworks */,
				DF13D88C106261CD83407B64 /* [CP] Copy Pods Resources */,
			);
			buildRules = (
			);
			dependencies = (
				925AF7771FC16CC100446595 /* PBXTargetDependency */,
			);
			name = TodoExamTests;
			productName = TodoExamTests;
			productReference = 925AF7751FC16CC100446595 /* TodoExamTests.xctest */;
			productType = "com.apple.product-type.bundle.unit-test";
		};
		925AF77F1FC16CC100446595 /* TodoExamUITests */ = {
			isa = PBXNativeTarget;
			buildConfigurationList = 925AF78F1FC16CC100446595 /* Build configuration list for PBXNativeTarget "TodoExamUITests" */;
			buildPhases = (
				D5FCCEF49219C42684EF450A /* [CP] Check Pods Manifest.lock */,
				925AF77C1FC16CC100446595 /* Sources */,
				925AF77D1FC16CC100446595 /* Frameworks */,
				925AF77E1FC16CC100446595 /* Resources */,
				75CF9ECB3E22B01EDF3FC4D7 /* [CP] Embed Pods Frameworks */,
				7959D105366C94866A6F6EE7 /* [CP] Copy Pods Resources */,
			);
			buildRules = (
			);
			dependencies = (
				925AF7821FC16CC100446595 /* PBXTargetDependency */,
			);
			name = TodoExamUITests;
			productName = TodoExamUITests;
			productReference = 925AF7801FC16CC100446595 /* TodoExamUITests.xctest */;
			productType = "com.apple.product-type.bundle.ui-testing";
		};
/* End PBXNativeTarget section */

/* Begin PBXProject section */
		925AF7591FC16CC100446595 /* Project object */ = {
			isa = PBXProject;
			attributes = {
				LastSwiftUpdateCheck = 0910;
				LastUpgradeCheck = 0910;
				ORGANIZATIONNAME = Yamada.Ryo;
				TargetAttributes = {
					925AF7601FC16CC100446595 = {
						CreatedOnToolsVersion = 9.1;
						ProvisioningStyle = Automatic;
					};
					925AF7741FC16CC100446595 = {
						CreatedOnToolsVersion = 9.1;
						ProvisioningStyle = Automatic;
						TestTargetID = 925AF7601FC16CC100446595;
					};
					925AF77F1FC16CC100446595 = {
						CreatedOnToolsVersion = 9.1;
						ProvisioningStyle = Automatic;
						TestTargetID = 925AF7601FC16CC100446595;
					};
				};
			};
			buildConfigurationList = 925AF75C1FC16CC100446595 /* Build configuration list for PBXProject "TodoExam" */;
			compatibilityVersion = "Xcode 8.0";
			developmentRegion = en;
			hasScannedForEncodings = 0;
			knownRegions = (
				en,
				Base,
			);
			mainGroup = 925AF7581FC16CC100446595;
			productRefGroup = 925AF7621FC16CC100446595 /* Products */;
			projectDirPath = "";
			projectRoot = "";
			targets = (
				925AF7601FC16CC100446595 /* TodoExam */,
				925AF7741FC16CC100446595 /* TodoExamTests */,
				925AF77F1FC16CC100446595 /* TodoExamUITests */,
			);
		};
/* End PBXProject section */

/* Begin PBXResourcesBuildPhase section */
		925AF75F1FC16CC100446595 /* Resources */ = {
			isa = PBXResourcesBuildPhase;
			buildActionMask = 2147483647;
			files = (
				925AF76F1FC16CC100446595 /* LaunchScreen.storyboard in Resources */,
				925AF76C1FC16CC100446595 /* Assets.xcassets in Resources */,
				925AF76A1FC16CC100446595 /* Main.storyboard in Resources */,
			);
			runOnlyForDeploymentPostprocessing = 0;
		};
		925AF7731FC16CC100446595 /* Resources */ = {
			isa = PBXResourcesBuildPhase;
			buildActionMask = 2147483647;
			files = (
			);
			runOnlyForDeploymentPostprocessing = 0;
		};
		925AF77E1FC16CC100446595 /* Resources */ = {
			isa = PBXResourcesBuildPhase;
			buildActionMask = 2147483647;
			files = (
			);
			runOnlyForDeploymentPostprocessing = 0;
		};
/* End PBXResourcesBuildPhase section */

/* Begin PBXShellScriptBuildPhase section */
		1A67AB59E05571DBE50539A3 /* [CP] Check Pods Manifest.lock */ = {
			isa = PBXShellScriptBuildPhase;
			buildActionMask = 2147483647;
			files = (
			);
			inputPaths = (
				"${PODS_PODFILE_DIR_PATH}/Podfile.lock",
				"${PODS_ROOT}/Manifest.lock",
			);
			name = "[CP] Check Pods Manifest.lock";
			outputPaths = (
				"$(DERIVED_FILE_DIR)/Pods-TodoExam-checkManifestLockResult.txt",
			);
			runOnlyForDeploymentPostprocessing = 0;
			shellPath = /bin/sh;
			shellScript = "diff \"${PODS_PODFILE_DIR_PATH}/Podfile.lock\" \"${PODS_ROOT}/Manifest.lock\" > /dev/null\nif [ $? != 0 ] ; then\n    # print error to STDERR\n    echo \"error: The sandbox is not in sync with the Podfile.lock. Run 'pod install' or update your CocoaPods installation.\" >&2\n    exit 1\nfi\n# This output is used by Xcode 'outputs' to avoid re-running this script phase.\necho \"SUCCESS\" > \"${SCRIPT_OUTPUT_FILE_0}\"\n";
			showEnvVarsInLog = 0;
		};
		5F4F7A4511ECA12FA1F120FC /* [CP] Copy Pods Resources */ = {
			isa = PBXShellScriptBuildPhase;
			buildActionMask = 2147483647;
			files = (
			);
			inputPaths = (
			);
			name = "[CP] Copy Pods Resources";
			outputPaths = (
			);
			runOnlyForDeploymentPostprocessing = 0;
			shellPath = /bin/sh;
			shellScript = "\"${SRCROOT}/Pods/Target Support Files/Pods-TodoExam/Pods-TodoExam-resources.sh\"\n";
			showEnvVarsInLog = 0;
		};
		75CF9ECB3E22B01EDF3FC4D7 /* [CP] Embed Pods Frameworks */ = {
			isa = PBXShellScriptBuildPhase;
			buildActionMask = 2147483647;
			files = (
			);
			inputPaths = (
			);
			name = "[CP] Embed Pods Frameworks";
			outputPaths = (
			);
			runOnlyForDeploymentPostprocessing = 0;
			shellPath = /bin/sh;
			shellScript = "\"${SRCROOT}/Pods/Target Support Files/Pods-TodoExamUITests/Pods-TodoExamUITests-frameworks.sh\"\n";
			showEnvVarsInLog = 0;
		};
		7959D105366C94866A6F6EE7 /* [CP] Copy Pods Resources */ = {
			isa = PBXShellScriptBuildPhase;
			buildActionMask = 2147483647;
			files = (
			);
			inputPaths = (
			);
			name = "[CP] Copy Pods Resources";
			outputPaths = (
			);
			runOnlyForDeploymentPostprocessing = 0;
			shellPath = /bin/sh;
			shellScript = "\"${SRCROOT}/Pods/Target Support Files/Pods-TodoExamUITests/Pods-TodoExamUITests-resources.sh\"\n";
			showEnvVarsInLog = 0;
		};
		83742F163C69092BF6532C9A /* [CP] Check Pods Manifest.lock */ = {
			isa = PBXShellScriptBuildPhase;
			buildActionMask = 2147483647;
			files = (
			);
			inputPaths = (
				"${PODS_PODFILE_DIR_PATH}/Podfile.lock",
				"${PODS_ROOT}/Manifest.lock",
			);
			name = "[CP] Check Pods Manifest.lock";
			outputPaths = (
				"$(DERIVED_FILE_DIR)/Pods-TodoExamTests-checkManifestLockResult.txt",
			);
			runOnlyForDeploymentPostprocessing = 0;
			shellPath = /bin/sh;
			shellScript = "diff \"${PODS_PODFILE_DIR_PATH}/Podfile.lock\" \"${PODS_ROOT}/Manifest.lock\" > /dev/null\nif [ $? != 0 ] ; then\n    # print error to STDERR\n    echo \"error: The sandbox is not in sync with the Podfile.lock. Run 'pod install' or update your CocoaPods installation.\" >&2\n    exit 1\nfi\n# This output is used by Xcode 'outputs' to avoid re-running this script phase.\necho \"SUCCESS\" > \"${SCRIPT_OUTPUT_FILE_0}\"\n";
			showEnvVarsInLog = 0;
		};
		A3106E73F3F5D2F67B616C95 /* [CP] Embed Pods Frameworks */ = {
			isa = PBXShellScriptBuildPhase;
			buildActionMask = 2147483647;
			files = (
			);
			inputPaths = (
				"${SRCROOT}/Pods/Target Support Files/Pods-TodoExamTests/Pods-TodoExamTests-frameworks.sh",
				"${BUILT_PRODUCTS_DIR}/RxSwift/RxSwift.framework",
				"${BUILT_PRODUCTS_DIR}/RxBlocking/RxBlocking.framework",
				"${BUILT_PRODUCTS_DIR}/RxTest/RxTest.framework",
			);
			name = "[CP] Embed Pods Frameworks";
			outputPaths = (
				"${TARGET_BUILD_DIR}/${FRAMEWORKS_FOLDER_PATH}/RxSwift.framework",
				"${TARGET_BUILD_DIR}/${FRAMEWORKS_FOLDER_PATH}/RxBlocking.framework",
				"${TARGET_BUILD_DIR}/${FRAMEWORKS_FOLDER_PATH}/RxTest.framework",
			);
			runOnlyForDeploymentPostprocessing = 0;
			shellPath = /bin/sh;
			shellScript = "\"${SRCROOT}/Pods/Target Support Files/Pods-TodoExamTests/Pods-TodoExamTests-frameworks.sh\"\n";
			showEnvVarsInLog = 0;
		};
		D5FCCEF49219C42684EF450A /* [CP] Check Pods Manifest.lock */ = {
			isa = PBXShellScriptBuildPhase;
			buildActionMask = 2147483647;
			files = (
			);
			inputPaths = (
				"${PODS_PODFILE_DIR_PATH}/Podfile.lock",
				"${PODS_ROOT}/Manifest.lock",
			);
			name = "[CP] Check Pods Manifest.lock";
			outputPaths = (
				"$(DERIVED_FILE_DIR)/Pods-TodoExamUITests-checkManifestLockResult.txt",
			);
			runOnlyForDeploymentPostprocessing = 0;
			shellPath = /bin/sh;
			shellScript = "diff \"${PODS_PODFILE_DIR_PATH}/Podfile.lock\" \"${PODS_ROOT}/Manifest.lock\" > /dev/null\nif [ $? != 0 ] ; then\n    # print error to STDERR\n    echo \"error: The sandbox is not in sync with the Podfile.lock. Run 'pod install' or update your CocoaPods installation.\" >&2\n    exit 1\nfi\n# This output is used by Xcode 'outputs' to avoid re-running this script phase.\necho \"SUCCESS\" > \"${SCRIPT_OUTPUT_FILE_0}\"\n";
			showEnvVarsInLog = 0;
		};
		DF13D88C106261CD83407B64 /* [CP] Copy Pods Resources */ = {
			isa = PBXShellScriptBuildPhase;
			buildActionMask = 2147483647;
			files = (
			);
			inputPaths = (
			);
			name = "[CP] Copy Pods Resources";
			outputPaths = (
			);
			runOnlyForDeploymentPostprocessing = 0;
			shellPath = /bin/sh;
			shellScript = "\"${SRCROOT}/Pods/Target Support Files/Pods-TodoExamTests/Pods-TodoExamTests-resources.sh\"\n";
			showEnvVarsInLog = 0;
		};
		F1DCCD6DA5E06C09358AC259 /* [CP] Embed Pods Frameworks */ = {
			isa = PBXShellScriptBuildPhase;
			buildActionMask = 2147483647;
			files = (
			);
			inputPaths = (
				"${SRCROOT}/Pods/Target Support Files/Pods-TodoExam/Pods-TodoExam-frameworks.sh",
				"${BUILT_PRODUCTS_DIR}/Alamofire/Alamofire.framework",
				"${BUILT_PRODUCTS_DIR}/AlamofireObjectMapper/AlamofireObjectMapper.framework",
				"${BUILT_PRODUCTS_DIR}/ObjectMapper/ObjectMapper.framework",
				"${BUILT_PRODUCTS_DIR}/RxCocoa/RxCocoa.framework",
				"${BUILT_PRODUCTS_DIR}/RxSwift/RxSwift.framework",
				"${BUILT_PRODUCTS_DIR}/Swinject/Swinject.framework",
				"${BUILT_PRODUCTS_DIR}/SwinjectStoryboard/SwinjectStoryboard.framework",
			);
			name = "[CP] Embed Pods Frameworks";
			outputPaths = (
				"${TARGET_BUILD_DIR}/${FRAMEWORKS_FOLDER_PATH}/Alamofire.framework",
				"${TARGET_BUILD_DIR}/${FRAMEWORKS_FOLDER_PATH}/AlamofireObjectMapper.framework",
				"${TARGET_BUILD_DIR}/${FRAMEWORKS_FOLDER_PATH}/ObjectMapper.framework",
				"${TARGET_BUILD_DIR}/${FRAMEWORKS_FOLDER_PATH}/RxCocoa.framework",
				"${TARGET_BUILD_DIR}/${FRAMEWORKS_FOLDER_PATH}/RxSwift.framework",
				"${TARGET_BUILD_DIR}/${FRAMEWORKS_FOLDER_PATH}/Swinject.framework",
				"${TARGET_BUILD_DIR}/${FRAMEWORKS_FOLDER_PATH}/SwinjectStoryboard.framework",
			);
			runOnlyForDeploymentPostprocessing = 0;
			shellPath = /bin/sh;
			shellScript = "\"${SRCROOT}/Pods/Target Support Files/Pods-TodoExam/Pods-TodoExam-frameworks.sh\"\n";
			showEnvVarsInLog = 0;
		};
/* End PBXShellScriptBuildPhase section */

/* Begin PBXSourcesBuildPhase section */
		925AF75D1FC16CC100446595 /* Sources */ = {
			isa = PBXSourcesBuildPhase;
			buildActionMask = 2147483647;
			files = (
				92DFBDE01FC19C1000ACF4E5 /* TodoModel.swift in Sources */,
				92DFBDE61FC2E8AC00ACF4E5 /* TodoItemViewController.swift in Sources */,
				92DFBDE91FC2F0E500ACF4E5 /* TodoListItemCell.swift in Sources */,
				925AF7671FC16CC100446595 /* TodoListViewController.swift in Sources */,
				92F5F47E1FC807C800BE37D6 /* SwinjectStoryboardExtension.swift in Sources */,
				92DFBDE31FC19D7800ACF4E5 /* APIService.swift in Sources */,
				925AF7651FC16CC100446595 /* AppDelegate.swift in Sources */,
			);
			runOnlyForDeploymentPostprocessing = 0;
		};
		925AF7711FC16CC100446595 /* Sources */ = {
			isa = PBXSourcesBuildPhase;
			buildActionMask = 2147483647;
			files = (
				92FBA6891FCABB9200F8404F /* TodoModel.swift in Sources */,
				92FBA6881FCABB7300F8404F /* APIService.swift in Sources */,
				925AF77A1FC16CC100446595 /* TodoExamTests.swift in Sources */,
				92FBA68A1FCAD99700F8404F /* TodoItemViewController.swift in Sources */,
			);
			runOnlyForDeploymentPostprocessing = 0;
		};
		925AF77C1FC16CC100446595 /* Sources */ = {
			isa = PBXSourcesBuildPhase;
			buildActionMask = 2147483647;
			files = (
				925AF7851FC16CC100446595 /* TodoExamUITests.swift in Sources */,
			);
			runOnlyForDeploymentPostprocessing = 0;
		};
/* End PBXSourcesBuildPhase section */

/* Begin PBXTargetDependency section */
		925AF7771FC16CC100446595 /* PBXTargetDependency */ = {
			isa = PBXTargetDependency;
			target = 925AF7601FC16CC100446595 /* TodoExam */;
			targetProxy = 925AF7761FC16CC100446595 /* PBXContainerItemProxy */;
		};
		925AF7821FC16CC100446595 /* PBXTargetDependency */ = {
			isa = PBXTargetDependency;
			target = 925AF7601FC16CC100446595 /* TodoExam */;
			targetProxy = 925AF7811FC16CC100446595 /* PBXContainerItemProxy */;
		};
/* End PBXTargetDependency section */

/* Begin PBXVariantGroup section */
		925AF7681FC16CC100446595 /* Main.storyboard */ = {
			isa = PBXVariantGroup;
			children = (
				925AF7691FC16CC100446595 /* Base */,
			);
			name = Main.storyboard;
			sourceTree = "<group>";
		};
		925AF76D1FC16CC100446595 /* LaunchScreen.storyboard */ = {
			isa = PBXVariantGroup;
			children = (
				925AF76E1FC16CC100446595 /* Base */,
			);
			name = LaunchScreen.storyboard;
			sourceTree = "<group>";
		};
/* End PBXVariantGroup section */

/* Begin XCBuildConfiguration section */
		925AF7871FC16CC100446595 /* Debug */ = {
			isa = XCBuildConfiguration;
			buildSettings = {
				ALWAYS_SEARCH_USER_PATHS = NO;
				CLANG_ANALYZER_NONNULL = YES;
				CLANG_ANALYZER_NUMBER_OBJECT_CONVERSION = YES_AGGRESSIVE;
				CLANG_CXX_LANGUAGE_STANDARD = "gnu++14";
				CLANG_CXX_LIBRARY = "libc++";
				CLANG_ENABLE_MODULES = YES;
				CLANG_ENABLE_OBJC_ARC = YES;
				CLANG_WARN_BLOCK_CAPTURE_AUTORELEASING = YES;
				CLANG_WARN_BOOL_CONVERSION = YES;
				CLANG_WARN_COMMA = YES;
				CLANG_WARN_CONSTANT_CONVERSION = YES;
				CLANG_WARN_DIRECT_OBJC_ISA_USAGE = YES_ERROR;
				CLANG_WARN_DOCUMENTATION_COMMENTS = YES;
				CLANG_WARN_EMPTY_BODY = YES;
				CLANG_WARN_ENUM_CONVERSION = YES;
				CLANG_WARN_INFINITE_RECURSION = YES;
				CLANG_WARN_INT_CONVERSION = YES;
				CLANG_WARN_NON_LITERAL_NULL_CONVERSION = YES;
				CLANG_WARN_OBJC_LITERAL_CONVERSION = YES;
				CLANG_WARN_OBJC_ROOT_CLASS = YES_ERROR;
				CLANG_WARN_RANGE_LOOP_ANALYSIS = YES;
				CLANG_WARN_STRICT_PROTOTYPES = YES;
				CLANG_WARN_SUSPICIOUS_MOVE = YES;
				CLANG_WARN_UNGUARDED_AVAILABILITY = YES_AGGRESSIVE;
				CLANG_WARN_UNREACHABLE_CODE = YES;
				CLANG_WARN__DUPLICATE_METHOD_MATCH = YES;
				CODE_SIGN_IDENTITY = "iPhone Developer";
				COPY_PHASE_STRIP = NO;
				DEBUG_INFORMATION_FORMAT = dwarf;
				ENABLE_STRICT_OBJC_MSGSEND = YES;
				ENABLE_TESTABILITY = YES;
				GCC_C_LANGUAGE_STANDARD = gnu11;
				GCC_DYNAMIC_NO_PIC = NO;
				GCC_NO_COMMON_BLOCKS = YES;
				GCC_OPTIMIZATION_LEVEL = 0;
				GCC_PREPROCESSOR_DEFINITIONS = (
					"DEBUG=1",
					"$(inherited)",
				);
				GCC_WARN_64_TO_32_BIT_CONVERSION = YES;
				GCC_WARN_ABOUT_RETURN_TYPE = YES_ERROR;
				GCC_WARN_UNDECLARED_SELECTOR = YES;
				GCC_WARN_UNINITIALIZED_AUTOS = YES_AGGRESSIVE;
				GCC_WARN_UNUSED_FUNCTION = YES;
				GCC_WARN_UNUSED_VARIABLE = YES;
				IPHONEOS_DEPLOYMENT_TARGET = 11.1;
				MTL_ENABLE_DEBUG_INFO = YES;
				ONLY_ACTIVE_ARCH = YES;
				SDKROOT = iphoneos;
				SWIFT_ACTIVE_COMPILATION_CONDITIONS = DEBUG;
				SWIFT_OPTIMIZATION_LEVEL = "-Onone";
			};
			name = Debug;
		};
		925AF7881FC16CC100446595 /* Release */ = {
			isa = XCBuildConfiguration;
			buildSettings = {
				ALWAYS_SEARCH_USER_PATHS = NO;
				CLANG_ANALYZER_NONNULL = YES;
				CLANG_ANALYZER_NUMBER_OBJECT_CONVERSION = YES_AGGRESSIVE;
				CLANG_CXX_LANGUAGE_STANDARD = "gnu++14";
				CLANG_CXX_LIBRARY = "libc++";
				CLANG_ENABLE_MODULES = YES;
				CLANG_ENABLE_OBJC_ARC = YES;
				CLANG_WARN_BLOCK_CAPTURE_AUTORELEASING = YES;
				CLANG_WARN_BOOL_CONVERSION = YES;
				CLANG_WARN_COMMA = YES;
				CLANG_WARN_CONSTANT_CONVERSION = YES;
				CLANG_WARN_DIRECT_OBJC_ISA_USAGE = YES_ERROR;
				CLANG_WARN_DOCUMENTATION_COMMENTS = YES;
				CLANG_WARN_EMPTY_BODY = YES;
				CLANG_WARN_ENUM_CONVERSION = YES;
				CLANG_WARN_INFINITE_RECURSION = YES;
				CLANG_WARN_INT_CONVERSION = YES;
				CLANG_WARN_NON_LITERAL_NULL_CONVERSION = YES;
				CLANG_WARN_OBJC_LITERAL_CONVERSION = YES;
				CLANG_WARN_OBJC_ROOT_CLASS = YES_ERROR;
				CLANG_WARN_RANGE_LOOP_ANALYSIS = YES;
				CLANG_WARN_STRICT_PROTOTYPES = YES;
				CLANG_WARN_SUSPICIOUS_MOVE = YES;
				CLANG_WARN_UNGUARDED_AVAILABILITY = YES_AGGRESSIVE;
				CLANG_WARN_UNREACHABLE_CODE = YES;
				CLANG_WARN__DUPLICATE_METHOD_MATCH = YES;
				CODE_SIGN_IDENTITY = "iPhone Developer";
				COPY_PHASE_STRIP = NO;
				DEBUG_INFORMATION_FORMAT = "dwarf-with-dsym";
				ENABLE_NS_ASSERTIONS = NO;
				ENABLE_STRICT_OBJC_MSGSEND = YES;
				GCC_C_LANGUAGE_STANDARD = gnu11;
				GCC_NO_COMMON_BLOCKS = YES;
				GCC_WARN_64_TO_32_BIT_CONVERSION = YES;
				GCC_WARN_ABOUT_RETURN_TYPE = YES_ERROR;
				GCC_WARN_UNDECLARED_SELECTOR = YES;
				GCC_WARN_UNINITIALIZED_AUTOS = YES_AGGRESSIVE;
				GCC_WARN_UNUSED_FUNCTION = YES;
				GCC_WARN_UNUSED_VARIABLE = YES;
				IPHONEOS_DEPLOYMENT_TARGET = 11.1;
				MTL_ENABLE_DEBUG_INFO = NO;
				SDKROOT = iphoneos;
				SWIFT_OPTIMIZATION_LEVEL = "-Owholemodule";
				VALIDATE_PRODUCT = YES;
			};
			name = Release;
		};
		925AF78A1FC16CC100446595 /* Debug */ = {
			isa = XCBuildConfiguration;
			baseConfigurationReference = 3E8E0444BB3008578F44ECD5 /* Pods-TodoExam.debug.xcconfig */;
			buildSettings = {
				ASSETCATALOG_COMPILER_APPICON_NAME = AppIcon;
				CODE_SIGN_STYLE = Automatic;
				DEVELOPMENT_TEAM = B7ECV6NH3D;
				INFOPLIST_FILE = TodoExam/Info.plist;
				LD_RUNPATH_SEARCH_PATHS = "$(inherited) @executable_path/Frameworks";
				PRODUCT_BUNDLE_IDENTIFIER = Yamada.Ryo.TodoExam;
				PRODUCT_NAME = "$(TARGET_NAME)";
				SWIFT_VERSION = 4.0;
				TARGETED_DEVICE_FAMILY = "1,2";
			};
			name = Debug;
		};
		925AF78B1FC16CC100446595 /* Release */ = {
			isa = XCBuildConfiguration;
			baseConfigurationReference = 35348DF108AF907E4C7DFC8D /* Pods-TodoExam.release.xcconfig */;
			buildSettings = {
				ASSETCATALOG_COMPILER_APPICON_NAME = AppIcon;
				CODE_SIGN_STYLE = Automatic;
				DEVELOPMENT_TEAM = B7ECV6NH3D;
				INFOPLIST_FILE = TodoExam/Info.plist;
				LD_RUNPATH_SEARCH_PATHS = "$(inherited) @executable_path/Frameworks";
				PRODUCT_BUNDLE_IDENTIFIER = Yamada.Ryo.TodoExam;
				PRODUCT_NAME = "$(TARGET_NAME)";
				SWIFT_VERSION = 4.0;
				TARGETED_DEVICE_FAMILY = "1,2";
			};
			name = Release;
		};
		925AF78D1FC16CC100446595 /* Debug */ = {
			isa = XCBuildConfiguration;
			baseConfigurationReference = C15B0C26D3B406C86FACA20F /* Pods-TodoExamTests.debug.xcconfig */;
			buildSettings = {
				ALWAYS_EMBED_SWIFT_STANDARD_LIBRARIES = YES;
				BUNDLE_LOADER = "$(TEST_HOST)";
				CODE_SIGN_STYLE = Automatic;
				DEVELOPMENT_TEAM = B7ECV6NH3D;
				INFOPLIST_FILE = TodoExamTests/Info.plist;
				LD_RUNPATH_SEARCH_PATHS = "$(inherited) @executable_path/Frameworks @loader_path/Frameworks";
				PRODUCT_BUNDLE_IDENTIFIER = Yamada.Ryo.TodoExamTests;
				PRODUCT_NAME = "$(TARGET_NAME)";
				SWIFT_VERSION = 4.0;
				TARGETED_DEVICE_FAMILY = "1,2";
				TEST_HOST = "$(BUILT_PRODUCTS_DIR)/TodoExam.app/TodoExam";
			};
			name = Debug;
		};
		925AF78E1FC16CC100446595 /* Release */ = {
			isa = XCBuildConfiguration;
			baseConfigurationReference = 9FD5FECFB24EF9164FDED76A /* Pods-TodoExamTests.release.xcconfig */;
			buildSettings = {
				ALWAYS_EMBED_SWIFT_STANDARD_LIBRARIES = YES;
				BUNDLE_LOADER = "$(TEST_HOST)";
				CODE_SIGN_STYLE = Automatic;
				DEVELOPMENT_TEAM = B7ECV6NH3D;
				INFOPLIST_FILE = TodoExamTests/Info.plist;
				LD_RUNPATH_SEARCH_PATHS = "$(inherited) @executable_path/Frameworks @loader_path/Frameworks";
				PRODUCT_BUNDLE_IDENTIFIER = Yamada.Ryo.TodoExamTests;
				PRODUCT_NAME = "$(TARGET_NAME)";
				SWIFT_VERSION = 4.0;
				TARGETED_DEVICE_FAMILY = "1,2";
				TEST_HOST = "$(BUILT_PRODUCTS_DIR)/TodoExam.app/TodoExam";
			};
			name = Release;
		};
		925AF7901FC16CC100446595 /* Debug */ = {
			isa = XCBuildConfiguration;
			baseConfigurationReference = 2A256E87081CC25E1E90B030 /* Pods-TodoExamUITests.debug.xcconfig */;
			buildSettings = {
				ALWAYS_EMBED_SWIFT_STANDARD_LIBRARIES = YES;
				CODE_SIGN_STYLE = Automatic;
				DEVELOPMENT_TEAM = B7ECV6NH3D;
				INFOPLIST_FILE = TodoExamUITests/Info.plist;
				LD_RUNPATH_SEARCH_PATHS = "$(inherited) @executable_path/Frameworks @loader_path/Frameworks";
				PRODUCT_BUNDLE_IDENTIFIER = Yamada.Ryo.TodoExamUITests;
				PRODUCT_NAME = "$(TARGET_NAME)";
				SWIFT_VERSION = 4.0;
				TARGETED_DEVICE_FAMILY = "1,2";
				TEST_TARGET_NAME = TodoExam;
			};
			name = Debug;
		};
		925AF7911FC16CC100446595 /* Release */ = {
			isa = XCBuildConfiguration;
			baseConfigurationReference = 3C7F938BA212DCB1FE4B7B2E /* Pods-TodoExamUITests.release.xcconfig */;
			buildSettings = {
				ALWAYS_EMBED_SWIFT_STANDARD_LIBRARIES = YES;
				CODE_SIGN_STYLE = Automatic;
				DEVELOPMENT_TEAM = B7ECV6NH3D;
				INFOPLIST_FILE = TodoExamUITests/Info.plist;
				LD_RUNPATH_SEARCH_PATHS = "$(inherited) @executable_path/Frameworks @loader_path/Frameworks";
				PRODUCT_BUNDLE_IDENTIFIER = Yamada.Ryo.TodoExamUITests;
				PRODUCT_NAME = "$(TARGET_NAME)";
				SWIFT_VERSION = 4.0;
				TARGETED_DEVICE_FAMILY = "1,2";
				TEST_TARGET_NAME = TodoExam;
			};
			name = Release;
		};
/* End XCBuildConfiguration section */

/* Begin XCConfigurationList section */
		925AF75C1FC16CC100446595 /* Build configuration list for PBXProject "TodoExam" */ = {
			isa = XCConfigurationList;
			buildConfigurations = (
				925AF7871FC16CC100446595 /* Debug */,
				925AF7881FC16CC100446595 /* Release */,
			);
			defaultConfigurationIsVisible = 0;
			defaultConfigurationName = Release;
		};
		925AF7891FC16CC100446595 /* Build configuration list for PBXNativeTarget "TodoExam" */ = {
			isa = XCConfigurationList;
			buildConfigurations = (
				925AF78A1FC16CC100446595 /* Debug */,
				925AF78B1FC16CC100446595 /* Release */,
			);
			defaultConfigurationIsVisible = 0;
			defaultConfigurationName = Release;
		};
		925AF78C1FC16CC100446595 /* Build configuration list for PBXNativeTarget "TodoExamTests" */ = {
			isa = XCConfigurationList;
			buildConfigurations = (
				925AF78D1FC16CC100446595 /* Debug */,
				925AF78E1FC16CC100446595 /* Release */,
			);
			defaultConfigurationIsVisible = 0;
			defaultConfigurationName = Release;
		};
		925AF78F1FC16CC100446595 /* Build configuration list for PBXNativeTarget "TodoExamUITests" */ = {
			isa = XCConfigurationList;
			buildConfigurations = (
				925AF7901FC16CC100446595 /* Debug */,
				925AF7911FC16CC100446595 /* Release */,
			);
			defaultConfigurationIsVisible = 0;
			defaultConfigurationName = Release;
		};
/* End XCConfigurationList section */
	};
	rootObject = 925AF7591FC16CC100446595 /* Project object */;
}
